
Microsoft Visual Studio Solution File, Format Version 12.00
# Visual Studio Version 17
VisualStudioVersion = 17.8.34004.107
MinimumVisualStudioVersion = 10.0.40219.1
Project("{9A19103F-16F7-4668-BE54-9A1E7A4F7556}") = "SVoting.Domain", "SVoting.Domain\SVoting.Domain.csproj", "{CF1409A0-2FF7-4389-85A4-0EB9352EA136}"
EndProject
Project("{9A19103F-16F7-4668-BE54-9A1E7A4F7556}") = "SVoting.Application", "SVoting.Application\SVoting.Application.csproj", "{08803C44-7FC2-4500-BFCD-2114A8089799}"
EndProject
Project("{9A19103F-16F7-4668-BE54-9A1E7A4F7556}") = "SVoting.Shared", "SVoting.Shared\SVoting.Shared.csproj", "{FE2A1BF0-9FDA-48E4-965D-1BC163EA1C01}"
EndProject
Project("{9A19103F-16F7-4668-BE54-9A1E7A4F7556}") = "SVoting.Persistence", "SVoting.Persistence\SVoting.Persistence.csproj", "{EEC2C037-23E7-4A23-8FA3-D2DDAEAD950F}"
EndProject
Project("{9A19103F-16F7-4668-BE54-9A1E7A4F7556}") = "SVoting.Identity", "SVoting.Identity\SVoting.Identity.csproj", "{CF347C6C-AA3E-4FFF-86D6-D73B65C35195}"
EndProject
Project("{9A19103F-16F7-4668-BE54-9A1E7A4F7556}") = "SVoting.Presentation.Controllers", "SVoting.Presentation.Controllers\SVoting.Presentation.Controllers.csproj", "{D14C36D4-082C-44B9-8AA3-0FD9ECCFAD60}"
EndProject
Project("{9A19103F-16F7-4668-BE54-9A1E7A4F7556}") = "SVoting.Presentation.WebApi", "SVoting.Presentation.WebApi\SVoting.Presentation.WebApi.csproj", "{DBD0F167-5BB4-4AD6-A7BB-E786213941EE}"
EndProject
Project("{9A19103F-16F7-4668-BE54-9A1E7A4F7556}") = "SVoting.Presentation.App", "SVoting.Presentation.App\SVoting.Presentation.App.csproj", "{26FE34E6-013C-4505-993A-07BFBD5A9447}"
EndProject
Global
	GlobalSection(SolutionConfigurationPlatforms) = preSolution
		Debug|Any CPU = Debug|Any CPU
		Release|Any CPU = Release|Any CPU
	EndGlobalSection
	GlobalSection(ProjectConfigurationPlatforms) = postSolution
		{CF1409A0-2FF7-4389-85A4-0EB9352EA136}.Debug|Any CPU.ActiveCfg = Debug|Any CPU
		{CF1409A0-2FF7-4389-85A4-0EB9352EA136}.Debug|Any CPU.Build.0 = Debug|Any CPU
		{CF1409A0-2FF7-4389-85A4-0EB9352EA136}.Release|Any CPU.ActiveCfg = Release|Any CPU
		{CF1409A0-2FF7-4389-85A4-0EB9352EA136}.Release|Any CPU.Build.0 = Release|Any CPU
		{08803C44-7FC2-4500-BFCD-2114A8089799}.Debug|Any CPU.ActiveCfg = Debug|Any CPU
		{08803C44-7FC2-4500-BFCD-2114A8089799}.Debug|Any CPU.Build.0 = Debug|Any CPU
		{08803C44-7FC2-4500-BFCD-2114A8089799}.Release|Any CPU.ActiveCfg = Release|Any CPU
		{08803C44-7FC2-4500-BFCD-2114A8089799}.Release|Any CPU.Build.0 = Release|Any CPU
		{FE2A1BF0-9FDA-48E4-965D-1BC163EA1C01}.Debug|Any CPU.ActiveCfg = Debug|Any CPU
		{FE2A1BF0-9FDA-48E4-965D-1BC163EA1C01}.Debug|Any CPU.Build.0 = Debug|Any CPU
		{FE2A1BF0-9FDA-48E4-965D-1BC163EA1C01}.Release|Any CPU.ActiveCfg = Release|Any CPU
		{FE2A1BF0-9FDA-48E4-965D-1BC163EA1C01}.Release|Any CPU.Build.0 = Release|Any CPU
		{EEC2C037-23E7-4A23-8FA3-D2DDAEAD950F}.Debug|Any CPU.ActiveCfg = Debug|Any CPU
		{EEC2C037-23E7-4A23-8FA3-D2DDAEAD950F}.Debug|Any CPU.Build.0 = Debug|Any CPU
		{EEC2C037-23E7-4A23-8FA3-D2DDAEAD950F}.Release|Any CPU.ActiveCfg = Release|Any CPU
		{EEC2C037-23E7-4A23-8FA3-D2DDAEAD950F}.Release|Any CPU.Build.0 = Release|Any CPU
		{CF347C6C-AA3E-4FFF-86D6-D73B65C35195}.Debug|Any CPU.ActiveCfg = Debug|Any CPU
		{CF347C6C-AA3E-4FFF-86D6-D73B65C35195}.Debug|Any CPU.Build.0 = Debug|Any CPU
		{CF347C6C-AA3E-4FFF-86D6-D73B65C35195}.Release|Any CPU.ActiveCfg = Release|Any CPU
		{CF347C6C-AA3E-4FFF-86D6-D73B65C35195}.Release|Any CPU.Build.0 = Release|Any CPU
		{D14C36D4-082C-44B9-8AA3-0FD9ECCFAD60}.Debug|Any CPU.ActiveCfg = Debug|Any CPU
		{D14C36D4-082C-44B9-8AA3-0FD9ECCFAD60}.Debug|Any CPU.Build.0 = Debug|Any CPU
		{D14C36D4-082C-44B9-8AA3-0FD9ECCFAD60}.Release|Any CPU.ActiveCfg = Release|Any CPU
		{D14C36D4-082C-44B9-8AA3-0FD9ECCFAD60}.Release|Any CPU.Build.0 = Release|Any CPU
		{DBD0F167-5BB4-4AD6-A7BB-E786213941EE}.Debug|Any CPU.ActiveCfg = Debug|Any CPU
		{DBD0F167-5BB4-4AD6-A7BB-E786213941EE}.Debug|Any CPU.Build.0 = Debug|Any CPU
		{DBD0F167-5BB4-4AD6-A7BB-E786213941EE}.Release|Any CPU.ActiveCfg = Release|Any CPU
		{DBD0F167-5BB4-4AD6-A7BB-E786213941EE}.Release|Any CPU.Build.0 = Release|Any CPU
		{26FE34E6-013C-4505-993A-07BFBD5A9447}.Debug|Any CPU.ActiveCfg = Debug|Any CPU
		{26FE34E6-013C-4505-993A-07BFBD5A9447}.Debug|Any CPU.Build.0 = Debug|Any CPU
		{26FE34E6-013C-4505-993A-07BFBD5A9447}.Release|Any CPU.ActiveCfg = Release|Any CPU
		{26FE34E6-013C-4505-993A-07BFBD5A9447}.Release|Any CPU.Build.0 = Release|Any CPU
	EndGlobalSection
	GlobalSection(SolutionProperties) = preSolution
		HideSolutionNode = FALSE
	EndGlobalSection
	GlobalSection(ExtensibilityGlobals) = postSolution
		SolutionGuid = {E20E9D36-C343-472E-B46E-6889CF121D93}
	EndGlobalSection
EndGlobal
